// !$*UTF8*$!
{
	archiveVersion = 1;
	classes = {
	};
	objectVersion = 56;
	objects = {

/* Begin PBXBuildFile section */
		B05B8AF52A9354ED007FE64E /* AppDelegate.swift in Sources */ = {isa = PBXBuildFile; fileRef = B05B8AF42A9354ED007FE64E /* AppDelegate.swift */; };
		B05B8AF72A9354ED007FE64E /* SceneDelegate.swift in Sources */ = {isa = PBXBuildFile; fileRef = B05B8AF62A9354ED007FE64E /* SceneDelegate.swift */; };
		B05B8AF92A9354ED007FE64E /* ViewController.swift in Sources */ = {isa = PBXBuildFile; fileRef = B05B8AF82A9354ED007FE64E /* ViewController.swift */; };
		B05B8AFC2A9354EE007FE64E /* Main.storyboard in Resources */ = {isa = PBXBuildFile; fileRef = B05B8AFA2A9354EE007FE64E /* Main.storyboard */; };
		B05B8AFF2A9354EE007FE64E /* RickAndMortyiOSProject.xcdatamodeld in Sources */ = {isa = PBXBuildFile; fileRef = B05B8AFD2A9354EE007FE64E /* RickAndMortyiOSProject.xcdatamodeld */; };
		B05B8B012A9354F4007FE64E /* Assets.xcassets in Resources */ = {isa = PBXBuildFile; fileRef = B05B8B002A9354F4007FE64E /* Assets.xcassets */; };
		B05B8B042A9354F4007FE64E /* LaunchScreen.storyboard in Resources */ = {isa = PBXBuildFile; fileRef = B05B8B022A9354F4007FE64E /* LaunchScreen.storyboard */; };
/* End PBXBuildFile section */

/* Begin PBXFileReference section */
		B05B8AF12A9354ED007FE64E /* RickAndMortyiOSProject.app */ = {isa = PBXFileReference; explicitFileType = wrapper.application; includeInIndex = 0; path = RickAndMortyiOSProject.app; sourceTree = BUILT_PRODUCTS_DIR; };
		B05B8AF42A9354ED007FE64E /* AppDelegate.swift */ = {isa = PBXFileReference; lastKnownFileType = sourcecode.swift; path = AppDelegate.swift; sourceTree = "<group>"; };
		B05B8AF62A9354ED007FE64E /* SceneDelegate.swift */ = {isa = PBXFileReference; lastKnownFileType = sourcecode.swift; path = SceneDelegate.swift; sourceTree = "<group>"; };
		B05B8AF82A9354ED007FE64E /* ViewController.swift */ = {isa = PBXFileReference; lastKnownFileType = sourcecode.swift; path = ViewController.swift; sourceTree = "<group>"; };
		B05B8AFB2A9354EE007FE64E /* Base */ = {isa = PBXFileReference; lastKnownFileType = file.storyboard; name = Base; path = Base.lproj/Main.storyboard; sourceTree = "<group>"; };
		B05B8AFE2A9354EE007FE64E /* RickAndMortyiOSProject.xcdatamodel */ = {isa = PBXFileReference; lastKnownFileType = wrapper.xcdatamodel; path = RickAndMortyiOSProject.xcdatamodel; sourceTree = "<group>"; };
		B05B8B002A9354F4007FE64E /* Assets.xcassets */ = {isa = PBXFileReference; lastKnownFileType = folder.assetcatalog; path = Assets.xcassets; sourceTree = "<group>"; };
		B05B8B032A9354F4007FE64E /* Base */ = {isa = PBXFileReference; lastKnownFileType = file.storyboard; name = Base; path = Base.lproj/LaunchScreen.storyboard; sourceTree = "<group>"; };
		B05B8B052A9354F4007FE64E /* Info.plist */ = {isa = PBXFileReference; lastKnownFileType = text.plist.xml; path = Info.plist; sourceTree = "<group>"; };
/* End PBXFileReference section */

/* Begin PBXFrameworksBuildPhase section */
		B05B8AEE2A9354ED007FE64E /* Frameworks */ = {
			isa = PBXFrameworksBuildPhase;
			buildActionMask = 2147483647;
			files = (
			);
			runOnlyForDeploymentPostprocessing = 0;
		};
/* End PBXFrameworksBuildPhase section */

/* Begin PBXGroup section */
		B05B8AE82A9354ED007FE64E = {
			isa = PBXGroup;
			children = (
				B05B8AF32A9354ED007FE64E /* RickAndMortyiOSProject */,
				B05B8AF22A9354ED007FE64E /* Products */,
			);
			sourceTree = "<group>";
		};
		B05B8AF22A9354ED007FE64E /* Products */ = {
			isa = PBXGroup;
			children = (
				B05B8AF12A9354ED007FE64E /* RickAndMortyiOSProject.app */,
			);
			name = Products;
			sourceTree = "<group>";
		};
		B05B8AF32A9354ED007FE64E /* RickAndMortyiOSProject */ = {
			isa = PBXGroup;
			children = (
				B05B8AF42A9354ED007FE64E /* AppDelegate.swift */,
				B05B8AF62A9354ED007FE64E /* SceneDelegate.swift */,
				B05B8AF82A9354ED007FE64E /* ViewController.swift */,
				B05B8AFA2A9354EE007FE64E /* Main.storyboard */,
				B05B8B002A9354F4007FE64E /* Assets.xcassets */,
				B05B8B022A9354F4007FE64E /* LaunchScreen.storyboard */,
				B05B8B052A9354F4007FE64E /* Info.plist */,
				B05B8AFD2A9354EE007FE64E /* RickAndMortyiOSProject.xcdatamodeld */,
			);
			path = RickAndMortyiOSProject;
			sourceTree = "<group>";
		};
/* End PBXGroup section */

/* Begin PBXNativeTarget section */
		B05B8AF02A9354ED007FE64E /* RickAndMortyiOSProject */ = {
			isa = PBXNativeTarget;
			buildConfigurationList = B05B8B082A9354F4007FE64E /* Build configuration list for PBXNativeTarget "RickAndMortyiOSProject" */;
			buildPhases = (
				B05B8AED2A9354ED007FE64E /* Sources */,
				B05B8AEE2A9354ED007FE64E /* Frameworks */,
				B05B8AEF2A9354ED007FE64E /* Resources */,
			);
			buildRules = (
			);
			dependencies = (
			);
			name = RickAndMortyiOSProject;
			productName = RickAndMortyiOSProject;
			productReference = B05B8AF12A9354ED007FE64E /* RickAndMortyiOSProject.app */;
			productType = "com.apple.product-type.application";
		};
/* End PBXNativeTarget section */

/* Begin PBXProject section */
		B05B8AE92A9354ED007FE64E /* Project object */ = {
			isa = PBXProject;
			attributes = {
				BuildIndependentTargetsInParallel = 1;
				LastSwiftUpdateCheck = 1420;
				LastUpgradeCheck = 1420;
				TargetAttributes = {
					B05B8AF02A9354ED007FE64E = {
						CreatedOnToolsVersion = 14.2;
					};
				};
			};
			buildConfigurationList = B05B8AEC2A9354ED007FE64E /* Build configuration list for PBXProject "RickAndMortyiOSProject" */;
			compatibilityVersion = "Xcode 14.0";
			developmentRegion = en;
			hasScannedForEncodings = 0;
			knownRegions = (
				en,
				Base,
			);
			mainGroup = B05B8AE82A9354ED007FE64E;
			productRefGroup = B05B8AF22A9354ED007FE64E /* Products */;
			projectDirPath = "";
			projectRoot = "";
			targets = (
				B05B8AF02A9354ED007FE64E /* RickAndMortyiOSProject */,
			);
		};
/* End PBXProject section */

/* Begin PBXResourcesBuildPhase section */
		B05B8AEF2A9354ED007FE64E /* Resources */ = {
			isa = PBXResourcesBuildPhase;
			buildActionMask = 2147483647;
			files = (
				B05B8B042A9354F4007FE64E /* LaunchScreen.storyboard in Resources */,
				B05B8B012A9354F4007FE64E /* Assets.xcassets in Resources */,
				B05B8AFC2A9354EE007FE64E /* Main.storyboard in Resources */,
			);
			runOnlyForDeploymentPostprocessing = 0;
		};
/* End PBXResourcesBuildPhase section */

/* Begin PBXSourcesBuildPhase section */
		B05B8AED2A9354ED007FE64E /* Sources */ = {
			isa = PBXSourcesBuildPhase;
			buildActionMask = 2147483647;
			files = (
				B05B8AFF2A9354EE007FE64E /* RickAndMortyiOSProject.xcdatamodeld in Sources */,
				B05B8AF92A9354ED007FE64E /* ViewController.swift in Sources */,
				B05B8AF52A9354ED007FE64E /* AppDelegate.swift in Sources */,
				B05B8AF72A9354ED007FE64E /* SceneDelegate.swift in Sources */,
			);
			runOnlyForDeploymentPostprocessing = 0;
		};
/* End PBXSourcesBuildPhase section */

/* Begin PBXVariantGroup section */
		B05B8AFA2A9354EE007FE64E /* Main.storyboard */ = {
			isa = PBXVariantGroup;
			children = (
				B05B8AFB2A9354EE007FE64E /* Base */,
			);
			name = Main.storyboard;
			sourceTree = "<group>";
		};
		B05B8B022A9354F4007FE64E /* LaunchScreen.storyboard */ = {
			isa = PBXVariantGroup;
			children = (
				B05B8B032A9354F4007FE64E /* Base */,
			);
			name = LaunchScreen.storyboard;
			sourceTree = "<group>";
		};
/* End PBXVariantGroup section */

/* Begin XCBuildConfiguration section */
		B05B8B062A9354F4007FE64E /* Debug */ = {
			isa = XCBuildConfiguration;
			buildSettings = {
				ALWAYS_SEARCH_USER_PATHS = NO;
				CLANG_ANALYZER_NONNULL = YES;
				CLANG_ANALYZER_NUMBER_OBJECT_CONVERSION = YES_AGGRESSIVE;
				CLANG_CXX_LANGUAGE_STANDARD = "gnu++20";
				CLANG_ENABLE_MODULES = YES;
				CLANG_ENABLE_OBJC_ARC = YES;
				CLANG_ENABLE_OBJC_WEAK = YES;
				CLANG_WARN_BLOCK_CAPTURE_AUTORELEASING = YES;
				CLANG_WARN_BOOL_CONVERSION = YES;
				CLANG_WARN_COMMA = YES;
				CLANG_WARN_CONSTANT_CONVERSION = YES;
				CLANG_WARN_DEPRECATED_OBJC_IMPLEMENTATIONS = YES;
				CLANG_WARN_DIRECT_OBJC_ISA_USAGE = YES_ERROR;
				CLANG_WARN_DOCUMENTATION_COMMENTS = YES;
				CLANG_WARN_EMPTY_BODY = YES;
				CLANG_WARN_ENUM_CONVERSION = YES;
				CLANG_WARN_INFINITE_RECURSION = YES;
				CLANG_WARN_INT_CONVERSION = YES;
				CLANG_WARN_NON_LITERAL_NULL_CONVERSION = YES;
				CLANG_WARN_OBJC_IMPLICIT_RETAIN_SELF = YES;
				CLANG_WARN_OBJC_LITERAL_CONVERSION = YES;
				CLANG_WARN_OBJC_ROOT_CLASS = YES_ERROR;
				CLANG_WARN_QUOTED_INCLUDE_IN_FRAMEWORK_HEADER = YES;
				CLANG_WARN_RANGE_LOOP_ANALYSIS = YES;
				CLANG_WARN_STRICT_PROTOTYPES = YES;
				CLANG_WARN_SUSPICIOUS_MOVE = YES;
				CLANG_WARN_UNGUARDED_AVAILABILITY = YES_AGGRESSIVE;
				CLANG_WARN_UNREACHABLE_CODE = YES;
				CLANG_WARN__DUPLICATE_METHOD_MATCH = YES;
				COPY_PHASE_STRIP = NO;
				DEBUG_INFORMATION_FORMAT = dwarf;
				ENABLE_STRICT_OBJC_MSGSEND = YES;
				ENABLE_TESTABILITY = YES;
				GCC_C_LANGUAGE_STANDARD = gnu11;
				GCC_DYNAMIC_NO_PIC = NO;
				GCC_NO_COMMON_BLOCKS = YES;
				GCC_OPTIMIZATION_LEVEL = 0;
				GCC_PREPROCESSOR_DEFINITIONS = (
					"DEBUG=1",
					"$(inherited)",
				);
				GCC_WARN_64_TO_32_BIT_CONVERSION = YES;
				GCC_WARN_ABOUT_RETURN_TYPE = YES_ERROR;
				GCC_WARN_UNDECLARED_SELECTOR = YES;
				GCC_WARN_UNINITIALIZED_AUTOS = YES_AGGRESSIVE;
				GCC_WARN_UNUSED_FUNCTION = YES;
				GCC_WARN_UNUSED_VARIABLE = YES;
				IPHONEOS_DEPLOYMENT_TARGET = 16.2;
				MTL_ENABLE_DEBUG_INFO = INCLUDE_SOURCE;
				MTL_FAST_MATH = YES;
				ONLY_ACTIVE_ARCH = YES;
				SDKROOT = iphoneos;
				SWIFT_ACTIVE_COMPILATION_CONDITIONS = DEBUG;
				SWIFT_OPTIMIZATION_LEVEL = "-Onone";
			};
			name = Debug;
		};
		B05B8B072A9354F4007FE64E /* Release */ = {
			isa = XCBuildConfiguration;
			buildSettings = {
				ALWAYS_SEARCH_USER_PATHS = NO;
				CLANG_ANALYZER_NONNULL = YES;
				CLANG_ANALYZER_NUMBER_OBJECT_CONVERSION = YES_AGGRESSIVE;
				CLANG_CXX_LANGUAGE_STANDARD = "gnu++20";
				CLANG_ENABLE_MODULES = YES;
				CLANG_ENABLE_OBJC_ARC = YES;
				CLANG_ENABLE_OBJC_WEAK = YES;
				CLANG_WARN_BLOCK_CAPTURE_AUTORELEASING = YES;
				CLANG_WARN_BOOL_CONVERSION = YES;
				CLANG_WARN_COMMA = YES;
				CLANG_WARN_CONSTANT_CONVERSION = YES;
				CLANG_WARN_DEPRECATED_OBJC_IMPLEMENTATIONS = YES;
				CLANG_WARN_DIRECT_OBJC_ISA_USAGE = YES_ERROR;
				CLANG_WARN_DOCUMENTATION_COMMENTS = YES;
				CLANG_WARN_EMPTY_BODY = YES;
				CLANG_WARN_ENUM_CONVERSION = YES;
				CLANG_WARN_INFINITE_RECURSION = YES;
				CLANG_WARN_INT_CONVERSION = YES;
				CLANG_WARN_NON_LITERAL_NULL_CONVERSION = YES;
				CLANG_WARN_OBJC_IMPLICIT_RETAIN_SELF = YES;
				CLANG_WARN_OBJC_LITERAL_CONVERSION = YES;
				CLANG_WARN_OBJC_ROOT_CLASS = YES_ERROR;
				CLANG_WARN_QUOTED_INCLUDE_IN_FRAMEWORK_HEADER = YES;
				CLANG_WARN_RANGE_LOOP_ANALYSIS = YES;
				CLANG_WARN_STRICT_PROTOTYPES = YES;
				CLANG_WARN_SUSPICIOUS_MOVE = YES;
				CLANG_WARN_UNGUARDED_AVAILABILITY = YES_AGGRESSIVE;
				CLANG_WARN_UNREACHABLE_CODE = YES;
				CLANG_WARN__DUPLICATE_METHOD_MATCH = YES;
				COPY_PHASE_STRIP = NO;
				DEBUG_INFORMATION_FORMAT = "dwarf-with-dsym";
				ENABLE_NS_ASSERTIONS = NO;
				ENABLE_STRICT_OBJC_MSGSEND = YES;
				GCC_C_LANGUAGE_STANDARD = gnu11;
				GCC_NO_COMMON_BLOCKS = YES;
				GCC_WARN_64_TO_32_BIT_CONVERSION = YES;
				GCC_WARN_ABOUT_RETURN_TYPE = YES_ERROR;
				GCC_WARN_UNDECLARED_SELECTOR = YES;
				GCC_WARN_UNINITIALIZED_AUTOS = YES_AGGRESSIVE;
				GCC_WARN_UNUSED_FUNCTION = YES;
				GCC_WARN_UNUSED_VARIABLE = YES;
				IPHONEOS_DEPLOYMENT_TARGET = 16.2;
				MTL_ENABLE_DEBUG_INFO = NO;
				MTL_FAST_MATH = YES;
				SDKROOT = iphoneos;
				SWIFT_COMPILATION_MODE = wholemodule;
				SWIFT_OPTIMIZATION_LEVEL = "-O";
				VALIDATE_PRODUCT = YES;
			};
			name = Release;
		};
		B05B8B092A9354F4007FE64E /* Debug */ = {
			isa = XCBuildConfiguration;
			buildSettings = {
				ASSETCATALOG_COMPILER_APPICON_NAME = AppIcon;
				ASSETCATALOG_COMPILER_GLOBAL_ACCENT_COLOR_NAME = AccentColor;
				CODE_SIGN_STYLE = Automatic;
				CURRENT_PROJECT_VERSION = 1;
				GENERATE_INFOPLIST_FILE = YES;
				INFOPLIST_FILE = RickAndMortyiOSProject/Info.plist;
				INFOPLIST_KEY_UIApplicationSupportsIndirectInputEvents = YES;
				INFOPLIST_KEY_UILaunchStoryboardName = LaunchScreen;
				INFOPLIST_KEY_UIMainStoryboardFile = Main;
				INFOPLIST_KEY_UISupportedInterfaceOrientations_iPad = "UIInterfaceOrientationPortrait UIInterfaceOrientationPortraitUpsideDown UIInterfaceOrientationLandscapeLeft UIInterfaceOrientationLandscapeRight";
				INFOPLIST_KEY_UISupportedInterfaceOrientations_iPhone = "UIInterfaceOrientationPortrait UIInterfaceOrientationLandscapeLeft UIInterfaceOrientationLandscapeRight";
				LD_RUNPATH_SEARCH_PATHS = (
					"$(inherited)",
					"@executable_path/Frameworks",
				);
				MARKETING_VERSION = 1.0;
				PRODUCT_BUNDLE_IDENTIFIER = com.toanio.RickAndMortyiOSProject;
				PRODUCT_NAME = "$(TARGET_NAME)";
				SWIFT_EMIT_LOC_STRINGS = YES;
				SWIFT_VERSION = 5.0;
				TARGETED_DEVICE_FAMILY = "1,2";
			};
			name = Debug;
		};
		B05B8B0A2A9354F4007FE64E /* Release */ = {
			isa = XCBuildConfiguration;
			buildSettings = {
				ASSETCATALOG_COMPILER_APPICON_NAME = AppIcon;
				ASSETCATALOG_COMPILER_GLOBAL_ACCENT_COLOR_NAME = AccentColor;
				CODE_SIGN_STYLE = Automatic;
				CURRENT_PROJECT_VERSION = 1;
				GENERATE_INFOPLIST_FILE = YES;
				INFOPLIST_FILE = RickAndMortyiOSProject/Info.plist;
				INFOPLIST_KEY_UIApplicationSupportsIndirectInputEvents = YES;
				INFOPLIST_KEY_UILaunchStoryboardName = LaunchScreen;
				INFOPLIST_KEY_UIMainStoryboardFile = Main;
				INFOPLIST_KEY_UISupportedInterfaceOrientations_iPad = "UIInterfaceOrientationPortrait UIInterfaceOrientationPortraitUpsideDown UIInterfaceOrientationLandscapeLeft UIInterfaceOrientationLandscapeRight";
				INFOPLIST_KEY_UISupportedInterfaceOrientations_iPhone = "UIInterfaceOrientationPortrait UIInterfaceOrientationLandscapeLeft UIInterfaceOrientationLandscapeRight";
				LD_RUNPATH_SEARCH_PATHS = (
					"$(inherited)",
					"@executable_path/Frameworks",
				);
				MARKETING_VERSION = 1.0;
				PRODUCT_BUNDLE_IDENTIFIER = com.toanio.RickAndMortyiOSProject;
				PRODUCT_NAME = "$(TARGET_NAME)";
				SWIFT_EMIT_LOC_STRINGS = YES;
				SWIFT_VERSION = 5.0;
				TARGETED_DEVICE_FAMILY = "1,2";
			};
			name = Release;
		};
/* End XCBuildConfiguration section */

/* Begin XCConfigurationList section */
		B05B8AEC2A9354ED007FE64E /* Build configuration list for PBXProject "RickAndMortyiOSProject" */ = {
			isa = XCConfigurationList;
			buildConfigurations = (
				B05B8B062A9354F4007FE64E /* Debug */,
				B05B8B072A9354F4007FE64E /* Release */,
			);
			defaultConfigurationIsVisible = 0;
			defaultConfigurationName = Release;
		};
		B05B8B082A9354F4007FE64E /* Build configuration list for PBXNativeTarget "RickAndMortyiOSProject" */ = {
			isa = XCConfigurationList;
			buildConfigurations = (
				B05B8B092A9354F4007FE64E /* Debug */,
				B05B8B0A2A9354F4007FE64E /* Release */,
			);
			defaultConfigurationIsVisible = 0;
			defaultConfigurationName = Release;
		};
/* End XCConfigurationList section */

/* Begin XCVersionGroup section */
		B05B8AFD2A9354EE007FE64E /* RickAndMortyiOSProject.xcdatamodeld */ = {
			isa = XCVersionGroup;
			children = (
				B05B8AFE2A9354EE007FE64E /* RickAndMortyiOSProject.xcdatamodel */,
			);
			currentVersion = B05B8AFE2A9354EE007FE64E /* RickAndMortyiOSProject.xcdatamodel */;
			path = RickAndMortyiOSProject.xcdatamodeld;
			sourceTree = "<group>";
			versionGroupType = wrapper.xcdatamodel;
		};
/* End XCVersionGroup section */
	};
	rootObject = B05B8AE92A9354ED007FE64E /* Project object */;
}
